Microsoft Visual Studio Solution File, Format Version 11.00
# Visual Studio 2017

Project("{8BC9CEB8-8B4A-11D0-8D11-00A0C91BC942}") = "ATKColoredCompressor - Standalone Plugin", "ATKColoredCompressor_StandalonePlugin.vcxproj", "{27776D6A-7C6D-5DF8-E454-141FC9575677}"
	ProjectSection(ProjectDependencies) = postProject
		{57FB8161-84F5-6463-8809-002B66837DF4} = {57FB8161-84F5-6463-8809-002B66837DF4}
	EndProjectSection
EndProject
Project("{8BC9CEB8-8B4A-11D0-8D11-00A0C91BC942}") = "ATKColoredCompressor - VST", "ATKColoredCompressor_VST.vcxproj", "{11648528-861C-3C5D-B81F-18BAA6F4485C}"
	ProjectSection(ProjectDependencies) = postProject
		{57FB8161-84F5-6463-8809-002B66837DF4} = {57FB8161-84F5-6463-8809-002B66837DF4}
	EndProjectSection
EndProject
Project("{8BC9CEB8-8B4A-11D0-8D11-00A0C91BC942}") = "ATKColoredCompressor - VST3", "ATKColoredCompressor_VST3.vcxproj", "{06CB91BC-934E-EB5E-296F-D6A30868134B}"
	ProjectSection(ProjectDependencies) = postProject
		{57FB8161-84F5-6463-8809-002B66837DF4} = {57FB8161-84F5-6463-8809-002B66837DF4}
	EndProjectSection
EndProject
Project("{8BC9CEB8-8B4A-11D0-8D11-00A0C91BC942}") = "ATKColoredCompressor - AAX", "ATKColoredCompressor_AAX.vcxproj", "{8C23477C-9256-B21E-2FBE-8E889C3AAF69}"
	ProjectSection(ProjectDependencies) = postProject
		{57FB8161-84F5-6463-8809-002B66837DF4} = {57FB8161-84F5-6463-8809-002B66837DF4}
	EndProjectSection
EndProject
Project("{8BC9CEB8-8B4A-11D0-8D11-00A0C91BC942}") = "ATKColoredCompressor - Shared Code", "ATKColoredCompressor_SharedCode.vcxproj", "{57FB8161-84F5-6463-8809-002B66837DF4}"
EndProject
Global
	GlobalSection(SolutionConfigurationPlatforms) = preSolution
		Debug|Win32 = Debug|Win32
		Release|Win32 = Release|Win32
	EndGlobalSection
	GlobalSection(ProjectConfigurationPlatforms) = postSolution
		{11648528-861C-3C5D-B81F-18BAA6F4485C}.Debug|Win32.ActiveCfg = Debug|Win32
		{11648528-861C-3C5D-B81F-18BAA6F4485C}.Debug|Win32.Build.0 = Debug|Win32
		{11648528-861C-3C5D-B81F-18BAA6F4485C}.Release|Win32.ActiveCfg = Release|Win32
		{11648528-861C-3C5D-B81F-18BAA6F4485C}.Release|Win32.Build.0 = Release|Win32
		{06CB91BC-934E-EB5E-296F-D6A30868134B}.Debug|Win32.ActiveCfg = Debug|Win32
		{06CB91BC-934E-EB5E-296F-D6A30868134B}.Debug|Win32.Build.0 = Debug|Win32
		{06CB91BC-934E-EB5E-296F-D6A30868134B}.Release|Win32.ActiveCfg = Release|Win32
		{06CB91BC-934E-EB5E-296F-D6A30868134B}.Release|Win32.Build.0 = Release|Win32
		{8C23477C-9256-B21E-2FBE-8E889C3AAF69}.Debug|Win32.ActiveCfg = Debug|Win32
		{8C23477C-9256-B21E-2FBE-8E889C3AAF69}.Debug|Win32.Build.0 = Debug|Win32
		{8C23477C-9256-B21E-2FBE-8E889C3AAF69}.Release|Win32.ActiveCfg = Release|Win32
		{8C23477C-9256-B21E-2FBE-8E889C3AAF69}.Release|Win32.Build.0 = Release|Win32
		{27776D6A-7C6D-5DF8-E454-141FC9575677}.Debug|Win32.ActiveCfg = Debug|Win32
		{27776D6A-7C6D-5DF8-E454-141FC9575677}.Debug|Win32.Build.0 = Debug|Win32
		{27776D6A-7C6D-5DF8-E454-141FC9575677}.Release|Win32.ActiveCfg = Release|Win32
		{27776D6A-7C6D-5DF8-E454-141FC9575677}.Release|Win32.Build.0 = Release|Win32
		{57FB8161-84F5-6463-8809-002B66837DF4}.Debug|Win32.ActiveCfg = Debug|Win32
		{57FB8161-84F5-6463-8809-002B66837DF4}.Debug|Win32.Build.0 = Debug|Win32
		{57FB8161-84F5-6463-8809-002B66837DF4}.Release|Win32.ActiveCfg = Release|Win32
		{57FB8161-84F5-6463-8809-002B66837DF4}.Release|Win32.Build.0 = Release|Win32
	EndGlobalSection
	GlobalSection(SolutionProperties) = preSolution
		HideSolutionNode = FALSE
	EndGlobalSection
EndGlobal
